
Microsoft Visual Studio Solution File, Format Version 12.00
# Visual Studio 14
VisualStudioVersion = 14.0.23107.0
MinimumVisualStudioVersion = 10.0.40219.1
Project("{2150E333-8FDC-42A3-9474-1A3956D46DE8}") = "01 Domain", "01 Domain", "{03C5BC24-9F4F-4A5E-BA29-709459CF811E}"
EndProject
Project("{FAE04EC0-301F-11D3-BF4B-00C04F79EFBC}") = "Templar.Domain", "Src\Templar.Domain\Templar.Domain.csproj", "{C8BE2E9A-BC38-4486-88AC-E6BB9E1A0398}"
EndProject
Project("{FAE04EC0-301F-11D3-BF4B-00C04F79EFBC}") = "Templar.Domain.Services", "Src\Templar.Domain.Services\Templar.Domain.Services.csproj", "{0CE30B10-3B56-47BC-88F7-D06228AC8F1B}"
EndProject
Project("{2150E333-8FDC-42A3-9474-1A3956D46DE8}") = "Services", "Services", "{3E286D0B-6DBA-4A15-A92E-03214C241F4A}"
EndProject
Project("{FAE04EC0-301F-11D3-BF4B-00C04F79EFBC}") = "Templar.Soap.Service", "Src\Templar.Soap.Service\Templar.Soap.Service.csproj", "{6B758CC3-D455-4E0C-88F3-5E69149A11E2}"
EndProject
Project("{FAE04EC0-301F-11D3-BF4B-00C04F79EFBC}") = "Templar.Soap.Service.ServiceHost", "Src\Templar.Soap.Service.ServiceHost\Templar.Soap.Service.ServiceHost.csproj", "{0D83C8B1-5AF8-48C0-834A-CBD2E5BF344A}"
EndProject
Project("{FAE04EC0-301F-11D3-BF4B-00C04F79EFBC}") = "Templar.Soap.Service.Imp", "Src\Templar.Soap.Service.Imp\Templar.Soap.Service.Imp.csproj", "{00080295-57A9-4F30-ABBD-13C191DF9019}"
EndProject
Project("{2150E333-8FDC-42A3-9474-1A3956D46DE8}") = "00 Repositories", "00 Repositories", "{4C36A3DD-EDF1-4554-95E1-3047C20B3BD0}"
EndProject
Project("{FAE04EC0-301F-11D3-BF4B-00C04F79EFBC}") = "Templar.Repository.SqlServer", "Src\Templar.SqlServer.Repository\Templar.Repository.SqlServer.csproj", "{B5E27FD3-67F7-47C8-B12C-801FA4E3D272}"
EndProject
Global
	GlobalSection(SolutionConfigurationPlatforms) = preSolution
		Debug|Any CPU = Debug|Any CPU
		Release|Any CPU = Release|Any CPU
	EndGlobalSection
	GlobalSection(ProjectConfigurationPlatforms) = postSolution
		{C8BE2E9A-BC38-4486-88AC-E6BB9E1A0398}.Debug|Any CPU.ActiveCfg = Debug|Any CPU
		{C8BE2E9A-BC38-4486-88AC-E6BB9E1A0398}.Debug|Any CPU.Build.0 = Debug|Any CPU
		{C8BE2E9A-BC38-4486-88AC-E6BB9E1A0398}.Release|Any CPU.ActiveCfg = Release|Any CPU
		{C8BE2E9A-BC38-4486-88AC-E6BB9E1A0398}.Release|Any CPU.Build.0 = Release|Any CPU
		{0CE30B10-3B56-47BC-88F7-D06228AC8F1B}.Debug|Any CPU.ActiveCfg = Debug|Any CPU
		{0CE30B10-3B56-47BC-88F7-D06228AC8F1B}.Debug|Any CPU.Build.0 = Debug|Any CPU
		{0CE30B10-3B56-47BC-88F7-D06228AC8F1B}.Release|Any CPU.ActiveCfg = Release|Any CPU
		{0CE30B10-3B56-47BC-88F7-D06228AC8F1B}.Release|Any CPU.Build.0 = Release|Any CPU
		{6B758CC3-D455-4E0C-88F3-5E69149A11E2}.Debug|Any CPU.ActiveCfg = Debug|Any CPU
		{6B758CC3-D455-4E0C-88F3-5E69149A11E2}.Debug|Any CPU.Build.0 = Debug|Any CPU
		{6B758CC3-D455-4E0C-88F3-5E69149A11E2}.Release|Any CPU.ActiveCfg = Release|Any CPU
		{6B758CC3-D455-4E0C-88F3-5E69149A11E2}.Release|Any CPU.Build.0 = Release|Any CPU
		{0D83C8B1-5AF8-48C0-834A-CBD2E5BF344A}.Debug|Any CPU.ActiveCfg = Debug|Any CPU
		{0D83C8B1-5AF8-48C0-834A-CBD2E5BF344A}.Debug|Any CPU.Build.0 = Debug|Any CPU
		{0D83C8B1-5AF8-48C0-834A-CBD2E5BF344A}.Release|Any CPU.ActiveCfg = Release|Any CPU
		{0D83C8B1-5AF8-48C0-834A-CBD2E5BF344A}.Release|Any CPU.Build.0 = Release|Any CPU
		{00080295-57A9-4F30-ABBD-13C191DF9019}.Debug|Any CPU.ActiveCfg = Debug|Any CPU
		{00080295-57A9-4F30-ABBD-13C191DF9019}.Debug|Any CPU.Build.0 = Debug|Any CPU
		{00080295-57A9-4F30-ABBD-13C191DF9019}.Release|Any CPU.ActiveCfg = Release|Any CPU
		{00080295-57A9-4F30-ABBD-13C191DF9019}.Release|Any CPU.Build.0 = Release|Any CPU
		{B5E27FD3-67F7-47C8-B12C-801FA4E3D272}.Debug|Any CPU.ActiveCfg = Debug|Any CPU
		{B5E27FD3-67F7-47C8-B12C-801FA4E3D272}.Debug|Any CPU.Build.0 = Debug|Any CPU
		{B5E27FD3-67F7-47C8-B12C-801FA4E3D272}.Release|Any CPU.ActiveCfg = Release|Any CPU
		{B5E27FD3-67F7-47C8-B12C-801FA4E3D272}.Release|Any CPU.Build.0 = Release|Any CPU
	EndGlobalSection
	GlobalSection(SolutionProperties) = preSolution
		HideSolutionNode = FALSE
	EndGlobalSection
	GlobalSection(NestedProjects) = preSolution
		{C8BE2E9A-BC38-4486-88AC-E6BB9E1A0398} = {03C5BC24-9F4F-4A5E-BA29-709459CF811E}
		{0CE30B10-3B56-47BC-88F7-D06228AC8F1B} = {03C5BC24-9F4F-4A5E-BA29-709459CF811E}
		{6B758CC3-D455-4E0C-88F3-5E69149A11E2} = {3E286D0B-6DBA-4A15-A92E-03214C241F4A}
		{0D83C8B1-5AF8-48C0-834A-CBD2E5BF344A} = {3E286D0B-6DBA-4A15-A92E-03214C241F4A}
		{00080295-57A9-4F30-ABBD-13C191DF9019} = {3E286D0B-6DBA-4A15-A92E-03214C241F4A}
		{B5E27FD3-67F7-47C8-B12C-801FA4E3D272} = {4C36A3DD-EDF1-4554-95E1-3047C20B3BD0}
	EndGlobalSection
EndGlobal
