
Microsoft Visual Studio Solution File, Format Version 12.00
# Visual Studio 2013
VisualStudioVersion = 12.0.40629.0
MinimumVisualStudioVersion = 10.0.40219.1
Project("{2150E333-8FDC-42A3-9474-1A3956D46DE8}") = "01 Domain", "01 Domain", "{03C5BC24-9F4F-4A5E-BA29-709459CF811E}"
EndProject
Project("{FAE04EC0-301F-11D3-BF4B-00C04F79EFBC}") = "Templar.Domain", "Src\Templar.Domain\Templar.Domain.csproj", "{C8BE2E9A-BC38-4486-88AC-E6BB9E1A0398}"
EndProject
Project("{FAE04EC0-301F-11D3-BF4B-00C04F79EFBC}") = "Templar.Domain.Services", "Src\Templar.Domain.Services\Templar.Domain.Services.csproj", "{0CE30B10-3B56-47BC-88F7-D06228AC8F1B}"
EndProject
Project("{2150E333-8FDC-42A3-9474-1A3956D46DE8}") = "02 Internal Services", "02 Internal Services", "{3E286D0B-6DBA-4A15-A92E-03214C241F4A}"
EndProject
Project("{FAE04EC0-301F-11D3-BF4B-00C04F79EFBC}") = "Templar.Soap.Service", "Src\Templar.Soap.Service\Templar.Soap.Service.csproj", "{6B758CC3-D455-4E0C-88F3-5E69149A11E2}"
EndProject
Project("{FAE04EC0-301F-11D3-BF4B-00C04F79EFBC}") = "Templar.Soap.Service.ServiceHost", "Src\Templar.Soap.Service.ServiceHost\Templar.Soap.Service.ServiceHost.csproj", "{0D83C8B1-5AF8-48C0-834A-CBD2E5BF344A}"
EndProject
Project("{FAE04EC0-301F-11D3-BF4B-00C04F79EFBC}") = "Templar.Soap.Service.Imp", "Src\Templar.Soap.Service.Imp\Templar.Soap.Service.Imp.csproj", "{00080295-57A9-4F30-ABBD-13C191DF9019}"
EndProject
Project("{2150E333-8FDC-42A3-9474-1A3956D46DE8}") = "00 Repositories", "00 Repositories", "{4C36A3DD-EDF1-4554-95E1-3047C20B3BD0}"
EndProject
Project("{FAE04EC0-301F-11D3-BF4B-00C04F79EFBC}") = "Templar.Repository.SqlServer", "Src\Templar.Repository.SqlServer\Templar.Repository.SqlServer.csproj", "{B5E27FD3-67F7-47C8-B12C-801FA4E3D272}"
EndProject
Project("{2150E333-8FDC-42A3-9474-1A3956D46DE8}") = "Soap", "Soap", "{9616DED5-0D5F-4668-BF5D-B28D9E446D3E}"
EndProject
Project("{2150E333-8FDC-42A3-9474-1A3956D46DE8}") = "Rest", "Rest", "{7E817161-5D6D-493B-B79E-91F850B4F623}"
EndProject
Project("{FAE04EC0-301F-11D3-BF4B-00C04F79EFBC}") = "Templar.Rest.Service", "Src\Templar.Rest.Service.Imp\Templar.Rest.Service.csproj", "{FD4A29F7-4177-4F40-9BB3-6BADD6616A5A}"
EndProject
Project("{FAE04EC0-301F-11D3-BF4B-00C04F79EFBC}") = "Templar.Rest.Service.ServiceHost", "Src\Templar.Rest.Service.ServiceHost\Templar.Rest.Service.ServiceHost.csproj", "{753A8C9D-3959-4D14-8FE5-08964A178B89}"
EndProject
Project("{2150E333-8FDC-42A3-9474-1A3956D46DE8}") = "06 Tests", "06 Tests", "{8BCE8D83-E59C-49DE-A5C1-E3F0FD64E05F}"
EndProject
Project("{FAE04EC0-301F-11D3-BF4B-00C04F79EFBC}") = "Templar.Service.SmokeTest", "Tests\Templar.Service.SmokeTest\Templar.Service.SmokeTest.csproj", "{28D2B4B4-E28D-45CC-B51F-599D9188AA16}"
EndProject
Project("{2150E333-8FDC-42A3-9474-1A3956D46DE8}") = "03 Agents", "03 Agents", "{79A0107E-F2B3-4306-94F9-23243220C8A3}"
EndProject
Project("{FAE04EC0-301F-11D3-BF4B-00C04F79EFBC}") = "Templar.ServiceAgent.Application", "Src\Templar.ServiceAgent.Application\Templar.ServiceAgent.Application.csproj", "{38D2599D-AF70-46D7-B9A1-F70418400F6C}"
EndProject
Project("{FAE04EC0-301F-11D3-BF4B-00C04F79EFBC}") = "Templar.ServiceAgent", "Src\Templar.ServiceAgent\Templar.ServiceAgent.csproj", "{479F48E8-E156-4460-B5E1-C3DA833FCBD9}"
EndProject
Project("{FAE04EC0-301F-11D3-BF4B-00C04F79EFBC}") = "Templar.Service.FunctionalTest", "Tests\Templar.Service.FunctionalTest\Templar.Service.FunctionalTest.csproj", "{50A8D89B-3107-4957-98FA-1A48FE373C1A}"
EndProject
Project("{FAE04EC0-301F-11D3-BF4B-00C04F79EFBC}") = "Templar.Rest.Model", "Src\Templar.Rest.Model\Templar.Rest.Model.csproj", "{63BA2B98-83CF-465E-97CD-F6A322D1748F}"
EndProject
Global
	GlobalSection(SolutionConfigurationPlatforms) = preSolution
		Debug|Any CPU = Debug|Any CPU
		Release|Any CPU = Release|Any CPU
	EndGlobalSection
	GlobalSection(ProjectConfigurationPlatforms) = postSolution
		{C8BE2E9A-BC38-4486-88AC-E6BB9E1A0398}.Debug|Any CPU.ActiveCfg = Debug|Any CPU
		{C8BE2E9A-BC38-4486-88AC-E6BB9E1A0398}.Debug|Any CPU.Build.0 = Debug|Any CPU
		{C8BE2E9A-BC38-4486-88AC-E6BB9E1A0398}.Release|Any CPU.ActiveCfg = Release|Any CPU
		{C8BE2E9A-BC38-4486-88AC-E6BB9E1A0398}.Release|Any CPU.Build.0 = Release|Any CPU
		{0CE30B10-3B56-47BC-88F7-D06228AC8F1B}.Debug|Any CPU.ActiveCfg = Debug|Any CPU
		{0CE30B10-3B56-47BC-88F7-D06228AC8F1B}.Debug|Any CPU.Build.0 = Debug|Any CPU
		{0CE30B10-3B56-47BC-88F7-D06228AC8F1B}.Release|Any CPU.ActiveCfg = Release|Any CPU
		{0CE30B10-3B56-47BC-88F7-D06228AC8F1B}.Release|Any CPU.Build.0 = Release|Any CPU
		{6B758CC3-D455-4E0C-88F3-5E69149A11E2}.Debug|Any CPU.ActiveCfg = Debug|Any CPU
		{6B758CC3-D455-4E0C-88F3-5E69149A11E2}.Debug|Any CPU.Build.0 = Debug|Any CPU
		{6B758CC3-D455-4E0C-88F3-5E69149A11E2}.Release|Any CPU.ActiveCfg = Release|Any CPU
		{6B758CC3-D455-4E0C-88F3-5E69149A11E2}.Release|Any CPU.Build.0 = Release|Any CPU
		{0D83C8B1-5AF8-48C0-834A-CBD2E5BF344A}.Debug|Any CPU.ActiveCfg = Debug|Any CPU
		{0D83C8B1-5AF8-48C0-834A-CBD2E5BF344A}.Debug|Any CPU.Build.0 = Debug|Any CPU
		{0D83C8B1-5AF8-48C0-834A-CBD2E5BF344A}.Release|Any CPU.ActiveCfg = Release|Any CPU
		{0D83C8B1-5AF8-48C0-834A-CBD2E5BF344A}.Release|Any CPU.Build.0 = Release|Any CPU
		{00080295-57A9-4F30-ABBD-13C191DF9019}.Debug|Any CPU.ActiveCfg = Debug|Any CPU
		{00080295-57A9-4F30-ABBD-13C191DF9019}.Debug|Any CPU.Build.0 = Debug|Any CPU
		{00080295-57A9-4F30-ABBD-13C191DF9019}.Release|Any CPU.ActiveCfg = Release|Any CPU
		{00080295-57A9-4F30-ABBD-13C191DF9019}.Release|Any CPU.Build.0 = Release|Any CPU
		{B5E27FD3-67F7-47C8-B12C-801FA4E3D272}.Debug|Any CPU.ActiveCfg = Debug|Any CPU
		{B5E27FD3-67F7-47C8-B12C-801FA4E3D272}.Debug|Any CPU.Build.0 = Debug|Any CPU
		{B5E27FD3-67F7-47C8-B12C-801FA4E3D272}.Release|Any CPU.ActiveCfg = Release|Any CPU
		{B5E27FD3-67F7-47C8-B12C-801FA4E3D272}.Release|Any CPU.Build.0 = Release|Any CPU
		{FD4A29F7-4177-4F40-9BB3-6BADD6616A5A}.Debug|Any CPU.ActiveCfg = Debug|Any CPU
		{FD4A29F7-4177-4F40-9BB3-6BADD6616A5A}.Debug|Any CPU.Build.0 = Debug|Any CPU
		{FD4A29F7-4177-4F40-9BB3-6BADD6616A5A}.Release|Any CPU.ActiveCfg = Release|Any CPU
		{FD4A29F7-4177-4F40-9BB3-6BADD6616A5A}.Release|Any CPU.Build.0 = Release|Any CPU
		{753A8C9D-3959-4D14-8FE5-08964A178B89}.Debug|Any CPU.ActiveCfg = Debug|Any CPU
		{753A8C9D-3959-4D14-8FE5-08964A178B89}.Debug|Any CPU.Build.0 = Debug|Any CPU
		{753A8C9D-3959-4D14-8FE5-08964A178B89}.Release|Any CPU.ActiveCfg = Release|Any CPU
		{753A8C9D-3959-4D14-8FE5-08964A178B89}.Release|Any CPU.Build.0 = Release|Any CPU
		{28D2B4B4-E28D-45CC-B51F-599D9188AA16}.Debug|Any CPU.ActiveCfg = Debug|Any CPU
		{28D2B4B4-E28D-45CC-B51F-599D9188AA16}.Debug|Any CPU.Build.0 = Debug|Any CPU
		{28D2B4B4-E28D-45CC-B51F-599D9188AA16}.Release|Any CPU.ActiveCfg = Release|Any CPU
		{28D2B4B4-E28D-45CC-B51F-599D9188AA16}.Release|Any CPU.Build.0 = Release|Any CPU
		{38D2599D-AF70-46D7-B9A1-F70418400F6C}.Debug|Any CPU.ActiveCfg = Debug|Any CPU
		{38D2599D-AF70-46D7-B9A1-F70418400F6C}.Debug|Any CPU.Build.0 = Debug|Any CPU
		{38D2599D-AF70-46D7-B9A1-F70418400F6C}.Release|Any CPU.ActiveCfg = Release|Any CPU
		{38D2599D-AF70-46D7-B9A1-F70418400F6C}.Release|Any CPU.Build.0 = Release|Any CPU
		{479F48E8-E156-4460-B5E1-C3DA833FCBD9}.Debug|Any CPU.ActiveCfg = Debug|Any CPU
		{479F48E8-E156-4460-B5E1-C3DA833FCBD9}.Debug|Any CPU.Build.0 = Debug|Any CPU
		{479F48E8-E156-4460-B5E1-C3DA833FCBD9}.Release|Any CPU.ActiveCfg = Release|Any CPU
		{479F48E8-E156-4460-B5E1-C3DA833FCBD9}.Release|Any CPU.Build.0 = Release|Any CPU
		{50A8D89B-3107-4957-98FA-1A48FE373C1A}.Debug|Any CPU.ActiveCfg = Debug|Any CPU
		{50A8D89B-3107-4957-98FA-1A48FE373C1A}.Debug|Any CPU.Build.0 = Debug|Any CPU
		{50A8D89B-3107-4957-98FA-1A48FE373C1A}.Release|Any CPU.ActiveCfg = Release|Any CPU
		{50A8D89B-3107-4957-98FA-1A48FE373C1A}.Release|Any CPU.Build.0 = Release|Any CPU
		{63BA2B98-83CF-465E-97CD-F6A322D1748F}.Debug|Any CPU.ActiveCfg = Debug|Any CPU
		{63BA2B98-83CF-465E-97CD-F6A322D1748F}.Debug|Any CPU.Build.0 = Debug|Any CPU
		{63BA2B98-83CF-465E-97CD-F6A322D1748F}.Release|Any CPU.ActiveCfg = Release|Any CPU
		{63BA2B98-83CF-465E-97CD-F6A322D1748F}.Release|Any CPU.Build.0 = Release|Any CPU
	EndGlobalSection
	GlobalSection(SolutionProperties) = preSolution
		HideSolutionNode = FALSE
	EndGlobalSection
	GlobalSection(NestedProjects) = preSolution
		{C8BE2E9A-BC38-4486-88AC-E6BB9E1A0398} = {03C5BC24-9F4F-4A5E-BA29-709459CF811E}
		{0CE30B10-3B56-47BC-88F7-D06228AC8F1B} = {03C5BC24-9F4F-4A5E-BA29-709459CF811E}
		{6B758CC3-D455-4E0C-88F3-5E69149A11E2} = {9616DED5-0D5F-4668-BF5D-B28D9E446D3E}
		{0D83C8B1-5AF8-48C0-834A-CBD2E5BF344A} = {9616DED5-0D5F-4668-BF5D-B28D9E446D3E}
		{00080295-57A9-4F30-ABBD-13C191DF9019} = {9616DED5-0D5F-4668-BF5D-B28D9E446D3E}
		{B5E27FD3-67F7-47C8-B12C-801FA4E3D272} = {4C36A3DD-EDF1-4554-95E1-3047C20B3BD0}
		{9616DED5-0D5F-4668-BF5D-B28D9E446D3E} = {3E286D0B-6DBA-4A15-A92E-03214C241F4A}
		{7E817161-5D6D-493B-B79E-91F850B4F623} = {3E286D0B-6DBA-4A15-A92E-03214C241F4A}
		{FD4A29F7-4177-4F40-9BB3-6BADD6616A5A} = {7E817161-5D6D-493B-B79E-91F850B4F623}
		{753A8C9D-3959-4D14-8FE5-08964A178B89} = {7E817161-5D6D-493B-B79E-91F850B4F623}
		{28D2B4B4-E28D-45CC-B51F-599D9188AA16} = {8BCE8D83-E59C-49DE-A5C1-E3F0FD64E05F}
		{38D2599D-AF70-46D7-B9A1-F70418400F6C} = {79A0107E-F2B3-4306-94F9-23243220C8A3}
		{479F48E8-E156-4460-B5E1-C3DA833FCBD9} = {79A0107E-F2B3-4306-94F9-23243220C8A3}
		{50A8D89B-3107-4957-98FA-1A48FE373C1A} = {8BCE8D83-E59C-49DE-A5C1-E3F0FD64E05F}
		{63BA2B98-83CF-465E-97CD-F6A322D1748F} = {7E817161-5D6D-493B-B79E-91F850B4F623}
	EndGlobalSection
	GlobalSection(ExtensibilityGlobals) = postSolution
		EnterpriseLibraryConfigurationToolBinariesPathV6 = packages\EnterpriseLibrary.Common.6.0.1304.0\lib\NET45;packages\EnterpriseLibrary.ExceptionHandling.6.0.1304.0\lib\NET45;packages\EnterpriseLibrary.Logging.6.0.1304.0\lib\NET45;packages\EnterpriseLibrary.ExceptionHandling.Logging.6.0.1304.0\lib\NET45
	EndGlobalSection
EndGlobal
